
Microsoft Visual Studio Solution File, Format Version 12.00
Project("{FAE04EC0-301F-11D3-BF4B-00C04F79EFBC}") = "TaskSchedulerScanner", "TaskSchedulerScanner\TaskSchedulerScanner.csproj", "{BF80B2CD-0024-4100-9633-4F571CA1C18F}"
EndProject
Global
	GlobalSection(SolutionConfigurationPlatforms) = preSolution
		Debug|Any CPU = Debug|Any CPU
		Release|Any CPU = Release|Any CPU
	EndGlobalSection
	GlobalSection(ProjectConfigurationPlatforms) = postSolution
		{BF80B2CD-0024-4100-9633-4F571CA1C18F}.Debug|Any CPU.ActiveCfg = Debug|Any CPU
		{BF80B2CD-0024-4100-9633-4F571CA1C18F}.Debug|Any CPU.Build.0 = Debug|Any CPU
		{BF80B2CD-0024-4100-9633-4F571CA1C18F}.Release|Any CPU.ActiveCfg = Release|Any CPU
		{BF80B2CD-0024-4100-9633-4F571CA1C18F}.Release|Any CPU.Build.0 = Release|Any CPU
	EndGlobalSection
EndGlobal
